// !$*UTF8*$!
{
	archiveVersion = 1;
	classes = {
	};
	objectVersion = 50;
	objects = {

/* Begin PBXBuildFile section */
		0E16430A225B5467004338CB /* AppDelegate.swift in Sources */ = {isa = PBXBuildFile; fileRef = 0E164309225B5467004338CB /* AppDelegate.swift */; };
		0E16430C225B5467004338CB /* ViewController.swift in Sources */ = {isa = PBXBuildFile; fileRef = 0E16430B225B5467004338CB /* ViewController.swift */; };
		0E16430F225B5467004338CB /* Main.storyboard in Resources */ = {isa = PBXBuildFile; fileRef = 0E16430D225B5467004338CB /* Main.storyboard */; };
		0E164311225B5469004338CB /* Assets.xcassets in Resources */ = {isa = PBXBuildFile; fileRef = 0E164310225B5469004338CB /* Assets.xcassets */; };
		0E164314225B5469004338CB /* LaunchScreen.storyboard in Resources */ = {isa = PBXBuildFile; fileRef = 0E164312225B5469004338CB /* LaunchScreen.storyboard */; };
		0E16431C225B57CB004338CB /* ViewModel.swift in Sources */ = {isa = PBXBuildFile; fileRef = 0E16431B225B57CB004338CB /* ViewModel.swift */; };
		0E16431E225B58F1004338CB /* ViewController+Ext.swift in Sources */ = {isa = PBXBuildFile; fileRef = 0E16431D225B58F1004338CB /* ViewController+Ext.swift */; };
		0E164322225B725E004338CB /* LocLibrary.swift in Sources */ = {isa = PBXBuildFile; fileRef = 0E164321225B725E004338CB /* LocLibrary.swift */; };
		0E164324225B734E004338CB /* PlaceMarker.swift in Sources */ = {isa = PBXBuildFile; fileRef = 0E164323225B734D004338CB /* PlaceMarker.swift */; };
		0E164326225B7E8F004338CB /* Constants.swift in Sources */ = {isa = PBXBuildFile; fileRef = 0E164325225B7E8F004338CB /* Constants.swift */; };
		0E16432B225B7EA8004338CB /* APILibrary+Ext2.swift in Sources */ = {isa = PBXBuildFile; fileRef = 0E164327225B7EA7004338CB /* APILibrary+Ext2.swift */; };
		0E16432C225B7EA8004338CB /* APILibrary+Ext.swift in Sources */ = {isa = PBXBuildFile; fileRef = 0E164328225B7EA7004338CB /* APILibrary+Ext.swift */; };
		0E16432D225B7EA8004338CB /* APILibrary.swift in Sources */ = {isa = PBXBuildFile; fileRef = 0E164329225B7EA8004338CB /* APILibrary.swift */; };
		0E16432E225B7EA8004338CB /* APILibrary+Ext1.swift in Sources */ = {isa = PBXBuildFile; fileRef = 0E16432A225B7EA8004338CB /* APILibrary+Ext1.swift */; };
		0E164331225B805A004338CB /* TypeAliases.swift in Sources */ = {isa = PBXBuildFile; fileRef = 0E16432F225B805A004338CB /* TypeAliases.swift */; };
		0E164332225B805A004338CB /* Results.swift in Sources */ = {isa = PBXBuildFile; fileRef = 0E164330225B805A004338CB /* Results.swift */; };
		0E164334225B8093004338CB /* URLFormater.swift in Sources */ = {isa = PBXBuildFile; fileRef = 0E164333225B8092004338CB /* URLFormater.swift */; };
		0E164336225B80C4004338CB /* Logger.swift in Sources */ = {isa = PBXBuildFile; fileRef = 0E164335225B80C3004338CB /* Logger.swift */; };
		D492A9AAC53615E2C8A2E097 /* Pods_GoogleMapTut.framework in Frameworks */ = {isa = PBXBuildFile; fileRef = 85A917D6FDB7CC487FBF74B3 /* Pods_GoogleMapTut.framework */; };
/* End PBXBuildFile section */

/* Begin PBXFileReference section */
		0E164306225B5467004338CB /* GoogleMapTut.app */ = {isa = PBXFileReference; explicitFileType = wrapper.application; includeInIndex = 0; path = GoogleMapTut.app; sourceTree = BUILT_PRODUCTS_DIR; };
		0E164309225B5467004338CB /* AppDelegate.swift */ = {isa = PBXFileReference; lastKnownFileType = sourcecode.swift; path = AppDelegate.swift; sourceTree = "<group>"; };
		0E16430B225B5467004338CB /* ViewController.swift */ = {isa = PBXFileReference; lastKnownFileType = sourcecode.swift; path = ViewController.swift; sourceTree = "<group>"; };
		0E16430E225B5467004338CB /* Base */ = {isa = PBXFileReference; lastKnownFileType = file.storyboard; name = Base; path = Base.lproj/Main.storyboard; sourceTree = "<group>"; };
		0E164310225B5469004338CB /* Assets.xcassets */ = {isa = PBXFileReference; lastKnownFileType = folder.assetcatalog; path = Assets.xcassets; sourceTree = "<group>"; };
		0E164313225B5469004338CB /* Base */ = {isa = PBXFileReference; lastKnownFileType = file.storyboard; name = Base; path = Base.lproj/LaunchScreen.storyboard; sourceTree = "<group>"; };
		0E164315225B5469004338CB /* Info.plist */ = {isa = PBXFileReference; lastKnownFileType = text.plist.xml; path = Info.plist; sourceTree = "<group>"; };
		0E16431B225B57CB004338CB /* ViewModel.swift */ = {isa = PBXFileReference; lastKnownFileType = sourcecode.swift; path = ViewModel.swift; sourceTree = "<group>"; };
		0E16431D225B58F1004338CB /* ViewController+Ext.swift */ = {isa = PBXFileReference; lastKnownFileType = sourcecode.swift; path = "ViewController+Ext.swift"; sourceTree = "<group>"; };
		0E164321225B725E004338CB /* LocLibrary.swift */ = {isa = PBXFileReference; fileEncoding = 4; lastKnownFileType = sourcecode.swift; path = LocLibrary.swift; sourceTree = "<group>"; };
		0E164323225B734D004338CB /* PlaceMarker.swift */ = {isa = PBXFileReference; fileEncoding = 4; lastKnownFileType = sourcecode.swift; path = PlaceMarker.swift; sourceTree = "<group>"; };
		0E164325225B7E8F004338CB /* Constants.swift */ = {isa = PBXFileReference; fileEncoding = 4; lastKnownFileType = sourcecode.swift; path = Constants.swift; sourceTree = "<group>"; };
		0E164327225B7EA7004338CB /* APILibrary+Ext2.swift */ = {isa = PBXFileReference; fileEncoding = 4; lastKnownFileType = sourcecode.swift; path = "APILibrary+Ext2.swift"; sourceTree = "<group>"; };
		0E164328225B7EA7004338CB /* APILibrary+Ext.swift */ = {isa = PBXFileReference; fileEncoding = 4; lastKnownFileType = sourcecode.swift; path = "APILibrary+Ext.swift"; sourceTree = "<group>"; };
		0E164329225B7EA8004338CB /* APILibrary.swift */ = {isa = PBXFileReference; fileEncoding = 4; lastKnownFileType = sourcecode.swift; path = APILibrary.swift; sourceTree = "<group>"; };
		0E16432A225B7EA8004338CB /* APILibrary+Ext1.swift */ = {isa = PBXFileReference; fileEncoding = 4; lastKnownFileType = sourcecode.swift; path = "APILibrary+Ext1.swift"; sourceTree = "<group>"; };
		0E16432F225B805A004338CB /* TypeAliases.swift */ = {isa = PBXFileReference; fileEncoding = 4; lastKnownFileType = sourcecode.swift; path = TypeAliases.swift; sourceTree = "<group>"; };
		0E164330225B805A004338CB /* Results.swift */ = {isa = PBXFileReference; fileEncoding = 4; lastKnownFileType = sourcecode.swift; path = Results.swift; sourceTree = "<group>"; };
		0E164333225B8092004338CB /* URLFormater.swift */ = {isa = PBXFileReference; fileEncoding = 4; lastKnownFileType = sourcecode.swift; path = URLFormater.swift; sourceTree = "<group>"; };
		0E164335225B80C3004338CB /* Logger.swift */ = {isa = PBXFileReference; fileEncoding = 4; lastKnownFileType = sourcecode.swift; path = Logger.swift; sourceTree = "<group>"; };
		3F98326676A938DA2EA98C7A /* Pods-GoogleMapTut.release.xcconfig */ = {isa = PBXFileReference; includeInIndex = 1; lastKnownFileType = text.xcconfig; name = "Pods-GoogleMapTut.release.xcconfig"; path = "Target Support Files/Pods-GoogleMapTut/Pods-GoogleMapTut.release.xcconfig"; sourceTree = "<group>"; };
		85A917D6FDB7CC487FBF74B3 /* Pods_GoogleMapTut.framework */ = {isa = PBXFileReference; explicitFileType = wrapper.framework; includeInIndex = 0; path = Pods_GoogleMapTut.framework; sourceTree = BUILT_PRODUCTS_DIR; };
		8C4A50B52A36C23ECB33919A /* Pods-GoogleMapTut.debug.xcconfig */ = {isa = PBXFileReference; includeInIndex = 1; lastKnownFileType = text.xcconfig; name = "Pods-GoogleMapTut.debug.xcconfig"; path = "Target Support Files/Pods-GoogleMapTut/Pods-GoogleMapTut.debug.xcconfig"; sourceTree = "<group>"; };
/* End PBXFileReference section */

/* Begin PBXFrameworksBuildPhase section */
		0E164303225B5467004338CB /* Frameworks */ = {
			isa = PBXFrameworksBuildPhase;
			buildActionMask = 2147483647;
			files = (
				D492A9AAC53615E2C8A2E097 /* Pods_GoogleMapTut.framework in Frameworks */,
			);
			runOnlyForDeploymentPostprocessing = 0;
		};
/* End PBXFrameworksBuildPhase section */

/* Begin PBXGroup section */
		0746FCDBEEC828D324DD7C66 /* Frameworks */ = {
			isa = PBXGroup;
			children = (
				85A917D6FDB7CC487FBF74B3 /* Pods_GoogleMapTut.framework */,
			);
			name = Frameworks;
			sourceTree = "<group>";
		};
		0E1642FD225B5467004338CB = {
			isa = PBXGroup;
			children = (
				0E164308225B5467004338CB /* GoogleMapTut */,
				0E164307225B5467004338CB /* Products */,
				68A2E1F770651264D50E4278 /* Pods */,
				0746FCDBEEC828D324DD7C66 /* Frameworks */,
			);
			sourceTree = "<group>";
		};
		0E164307225B5467004338CB /* Products */ = {
			isa = PBXGroup;
			children = (
				0E164306225B5467004338CB /* GoogleMapTut.app */,
			);
			name = Products;
			sourceTree = "<group>";
		};
		0E164308225B5467004338CB /* GoogleMapTut */ = {
			isa = PBXGroup;
			children = (
				0E164333225B8092004338CB /* URLFormater.swift */,
				0E164335225B80C3004338CB /* Logger.swift */,
				0E164330225B805A004338CB /* Results.swift */,
				0E16432F225B805A004338CB /* TypeAliases.swift */,
				0E164329225B7EA8004338CB /* APILibrary.swift */,
				0E164328225B7EA7004338CB /* APILibrary+Ext.swift */,
				0E16432A225B7EA8004338CB /* APILibrary+Ext1.swift */,
				0E164327225B7EA7004338CB /* APILibrary+Ext2.swift */,
				0E164325225B7E8F004338CB /* Constants.swift */,
				0E164309225B5467004338CB /* AppDelegate.swift */,
				0E164321225B725E004338CB /* LocLibrary.swift */,
				0E164323225B734D004338CB /* PlaceMarker.swift */,
				0E16430B225B5467004338CB /* ViewController.swift */,
				0E16431B225B57CB004338CB /* ViewModel.swift */,
				0E16431D225B58F1004338CB /* ViewController+Ext.swift */,
				0E16430D225B5467004338CB /* Main.storyboard */,
				0E164310225B5469004338CB /* Assets.xcassets */,
				0E164312225B5469004338CB /* LaunchScreen.storyboard */,
				0E164315225B5469004338CB /* Info.plist */,
			);
			path = GoogleMapTut;
			sourceTree = "<group>";
		};
		68A2E1F770651264D50E4278 /* Pods */ = {
			isa = PBXGroup;
			children = (
				8C4A50B52A36C23ECB33919A /* Pods-GoogleMapTut.debug.xcconfig */,
				3F98326676A938DA2EA98C7A /* Pods-GoogleMapTut.release.xcconfig */,
			);
			path = Pods;
			sourceTree = "<group>";
		};
/* End PBXGroup section */

/* Begin PBXNativeTarget section */
		0E164305225B5467004338CB /* GoogleMapTut */ = {
			isa = PBXNativeTarget;
			buildConfigurationList = 0E164318225B5469004338CB /* Build configuration list for PBXNativeTarget "GoogleMapTut" */;
			buildPhases = (
				DEF396563D70AEF7FB458D68 /* [CP] Check Pods Manifest.lock */,
				0E164302225B5467004338CB /* Sources */,
				0E164303225B5467004338CB /* Frameworks */,
				0E164304225B5467004338CB /* Resources */,
				B614C0F9FF5963C65E4AA791 /* [CP] Copy Pods Resources */,
				239A92C4830B32878944B59A /* [CP] Embed Pods Frameworks */,
			);
			buildRules = (
			);
			dependencies = (
			);
			name = GoogleMapTut;
			productName = GoogleMapTut;
			productReference = 0E164306225B5467004338CB /* GoogleMapTut.app */;
			productType = "com.apple.product-type.application";
		};
/* End PBXNativeTarget section */

/* Begin PBXProject section */
		0E1642FE225B5467004338CB /* Project object */ = {
			isa = PBXProject;
			attributes = {
				LastSwiftUpdateCheck = 1020;
				LastUpgradeCheck = 1020;
				ORGANIZATIONNAME = "Qaptive Technologies";
				TargetAttributes = {
					0E164305225B5467004338CB = {
						CreatedOnToolsVersion = 10.2;
					};
				};
			};
			buildConfigurationList = 0E164301225B5467004338CB /* Build configuration list for PBXProject "GoogleMapTut" */;
			compatibilityVersion = "Xcode 9.3";
			developmentRegion = en;
			hasScannedForEncodings = 0;
			knownRegions = (
				en,
				Base,
			);
			mainGroup = 0E1642FD225B5467004338CB;
			productRefGroup = 0E164307225B5467004338CB /* Products */;
			projectDirPath = "";
			projectRoot = "";
			targets = (
				0E164305225B5467004338CB /* GoogleMapTut */,
			);
		};
/* End PBXProject section */

/* Begin PBXResourcesBuildPhase section */
		0E164304225B5467004338CB /* Resources */ = {
			isa = PBXResourcesBuildPhase;
			buildActionMask = 2147483647;
			files = (
				0E164314225B5469004338CB /* LaunchScreen.storyboard in Resources */,
				0E164311225B5469004338CB /* Assets.xcassets in Resources */,
				0E16430F225B5467004338CB /* Main.storyboard in Resources */,
			);
			runOnlyForDeploymentPostprocessing = 0;
		};
/* End PBXResourcesBuildPhase section */

/* Begin PBXShellScriptBuildPhase section */
		239A92C4830B32878944B59A /* [CP] Embed Pods Frameworks */ = {
			isa = PBXShellScriptBuildPhase;
			buildActionMask = 2147483647;
			files = (
			);
			inputFileListPaths = (
			);
			inputPaths = (
				"${PODS_ROOT}/Target Support Files/Pods-GoogleMapTut/Pods-GoogleMapTut-frameworks.sh",
				"${BUILT_PRODUCTS_DIR}/Alamofire/Alamofire.framework",
			);
			name = "[CP] Embed Pods Frameworks";
			outputFileListPaths = (
			);
			outputPaths = (
				"${TARGET_BUILD_DIR}/${FRAMEWORKS_FOLDER_PATH}/Alamofire.framework",
			);
			runOnlyForDeploymentPostprocessing = 0;
			shellPath = /bin/sh;
			shellScript = "\"${PODS_ROOT}/Target Support Files/Pods-GoogleMapTut/Pods-GoogleMapTut-frameworks.sh\"\n";
			showEnvVarsInLog = 0;
		};
		B614C0F9FF5963C65E4AA791 /* [CP] Copy Pods Resources */ = {
			isa = PBXShellScriptBuildPhase;
			buildActionMask = 2147483647;
			files = (
			);
			inputFileListPaths = (
			);
			inputPaths = (
				"${PODS_ROOT}/Target Support Files/Pods-GoogleMapTut/Pods-GoogleMapTut-resources.sh",
				"${PODS_ROOT}/GoogleMaps/Maps/Frameworks/GoogleMaps.framework/Resources/GoogleMaps.bundle",
			);
			name = "[CP] Copy Pods Resources";
			outputFileListPaths = (
			);
			outputPaths = (
				"${TARGET_BUILD_DIR}/${UNLOCALIZED_RESOURCES_FOLDER_PATH}/GoogleMaps.bundle",
			);
			runOnlyForDeploymentPostprocessing = 0;
			shellPath = /bin/sh;
			shellScript = "\"${PODS_ROOT}/Target Support Files/Pods-GoogleMapTut/Pods-GoogleMapTut-resources.sh\"\n";
			showEnvVarsInLog = 0;
		};
		DEF396563D70AEF7FB458D68 /* [CP] Check Pods Manifest.lock */ = {
			isa = PBXShellScriptBuildPhase;
			buildActionMask = 2147483647;
			files = (
			);
			inputFileListPaths = (
			);
			inputPaths = (
				"${PODS_PODFILE_DIR_PATH}/Podfile.lock",
				"${PODS_ROOT}/Manifest.lock",
			);
			name = "[CP] Check Pods Manifest.lock";
			outputFileListPaths = (
			);
			outputPaths = (
				"$(DERIVED_FILE_DIR)/Pods-GoogleMapTut-checkManifestLockResult.txt",
			);
			runOnlyForDeploymentPostprocessing = 0;
			shellPath = /bin/sh;
			shellScript = "diff \"${PODS_PODFILE_DIR_PATH}/Podfile.lock\" \"${PODS_ROOT}/Manifest.lock\" > /dev/null\nif [ $? != 0 ] ; then\n    # print error to STDERR\n    echo \"error: The sandbox is not in sync with the Podfile.lock. Run 'pod install' or update your CocoaPods installation.\" >&2\n    exit 1\nfi\n# This output is used by Xcode 'outputs' to avoid re-running this script phase.\necho \"SUCCESS\" > \"${SCRIPT_OUTPUT_FILE_0}\"\n";
			showEnvVarsInLog = 0;
		};
/* End PBXShellScriptBuildPhase section */

/* Begin PBXSourcesBuildPhase section */
		0E164302225B5467004338CB /* Sources */ = {
			isa = PBXSourcesBuildPhase;
			buildActionMask = 2147483647;
			files = (
				0E164331225B805A004338CB /* TypeAliases.swift in Sources */,
				0E16432D225B7EA8004338CB /* APILibrary.swift in Sources */,
				0E16430C225B5467004338CB /* ViewController.swift in Sources */,
				0E16431C225B57CB004338CB /* ViewModel.swift in Sources */,
				0E16432C225B7EA8004338CB /* APILibrary+Ext.swift in Sources */,
				0E16431E225B58F1004338CB /* ViewController+Ext.swift in Sources */,
				0E164324225B734E004338CB /* PlaceMarker.swift in Sources */,
				0E164334225B8093004338CB /* URLFormater.swift in Sources */,
				0E164326225B7E8F004338CB /* Constants.swift in Sources */,
				0E16432B225B7EA8004338CB /* APILibrary+Ext2.swift in Sources */,
				0E164336225B80C4004338CB /* Logger.swift in Sources */,
				0E164332225B805A004338CB /* Results.swift in Sources */,
				0E16430A225B5467004338CB /* AppDelegate.swift in Sources */,
				0E16432E225B7EA8004338CB /* APILibrary+Ext1.swift in Sources */,
				0E164322225B725E004338CB /* LocLibrary.swift in Sources */,
			);
			runOnlyForDeploymentPostprocessing = 0;
		};
/* End PBXSourcesBuildPhase section */

/* Begin PBXVariantGroup section */
		0E16430D225B5467004338CB /* Main.storyboard */ = {
			isa = PBXVariantGroup;
			children = (
				0E16430E225B5467004338CB /* Base */,
			);
			name = Main.storyboard;
			sourceTree = "<group>";
		};
		0E164312225B5469004338CB /* LaunchScreen.storyboard */ = {
			isa = PBXVariantGroup;
			children = (
				0E164313225B5469004338CB /* Base */,
			);
			name = LaunchScreen.storyboard;
			sourceTree = "<group>";
		};
/* End PBXVariantGroup section */

/* Begin XCBuildConfiguration section */
		0E164316225B5469004338CB /* Debug */ = {
			isa = XCBuildConfiguration;
			buildSettings = {
				ALWAYS_SEARCH_USER_PATHS = NO;
				CLANG_ANALYZER_NONNULL = YES;
				CLANG_ANALYZER_NUMBER_OBJECT_CONVERSION = YES_AGGRESSIVE;
				CLANG_CXX_LANGUAGE_STANDARD = "gnu++14";
				CLANG_CXX_LIBRARY = "libc++";
				CLANG_ENABLE_MODULES = YES;
				CLANG_ENABLE_OBJC_ARC = YES;
				CLANG_ENABLE_OBJC_WEAK = YES;
				CLANG_WARN_BLOCK_CAPTURE_AUTORELEASING = YES;
				CLANG_WARN_BOOL_CONVERSION = YES;
				CLANG_WARN_COMMA = YES;
				CLANG_WARN_CONSTANT_CONVERSION = YES;
				CLANG_WARN_DEPRECATED_OBJC_IMPLEMENTATIONS = YES;
				CLANG_WARN_DIRECT_OBJC_ISA_USAGE = YES_ERROR;
				CLANG_WARN_DOCUMENTATION_COMMENTS = YES;
				CLANG_WARN_EMPTY_BODY = YES;
				CLANG_WARN_ENUM_CONVERSION = YES;
				CLANG_WARN_INFINITE_RECURSION = YES;
				CLANG_WARN_INT_CONVERSION = YES;
				CLANG_WARN_NON_LITERAL_NULL_CONVERSION = YES;
				CLANG_WARN_OBJC_IMPLICIT_RETAIN_SELF = YES;
				CLANG_WARN_OBJC_LITERAL_CONVERSION = YES;
				CLANG_WARN_OBJC_ROOT_CLASS = YES_ERROR;
				CLANG_WARN_RANGE_LOOP_ANALYSIS = YES;
				CLANG_WARN_STRICT_PROTOTYPES = YES;
				CLANG_WARN_SUSPICIOUS_MOVE = YES;
				CLANG_WARN_UNGUARDED_AVAILABILITY = YES_AGGRESSIVE;
				CLANG_WARN_UNREACHABLE_CODE = YES;
				CLANG_WARN__DUPLICATE_METHOD_MATCH = YES;
				CODE_SIGN_IDENTITY = "iPhone Developer";
				COPY_PHASE_STRIP = NO;
				DEBUG_INFORMATION_FORMAT = dwarf;
				ENABLE_STRICT_OBJC_MSGSEND = YES;
				ENABLE_TESTABILITY = YES;
				GCC_C_LANGUAGE_STANDARD = gnu11;
				GCC_DYNAMIC_NO_PIC = NO;
				GCC_NO_COMMON_BLOCKS = YES;
				GCC_OPTIMIZATION_LEVEL = 0;
				GCC_PREPROCESSOR_DEFINITIONS = (
					"DEBUG=1",
					"$(inherited)",
				);
				GCC_WARN_64_TO_32_BIT_CONVERSION = YES;
				GCC_WARN_ABOUT_RETURN_TYPE = YES_ERROR;
				GCC_WARN_UNDECLARED_SELECTOR = YES;
				GCC_WARN_UNINITIALIZED_AUTOS = YES_AGGRESSIVE;
				GCC_WARN_UNUSED_FUNCTION = YES;
				GCC_WARN_UNUSED_VARIABLE = YES;
				IPHONEOS_DEPLOYMENT_TARGET = 12.2;
				MTL_ENABLE_DEBUG_INFO = INCLUDE_SOURCE;
				MTL_FAST_MATH = YES;
				ONLY_ACTIVE_ARCH = YES;
				SDKROOT = iphoneos;
				SWIFT_ACTIVE_COMPILATION_CONDITIONS = DEBUG;
				SWIFT_OPTIMIZATION_LEVEL = "-Onone";
			};
			name = Debug;
		};
		0E164317225B5469004338CB /* Release */ = {
			isa = XCBuildConfiguration;
			buildSettings = {
				ALWAYS_SEARCH_USER_PATHS = NO;
				CLANG_ANALYZER_NONNULL = YES;
				CLANG_ANALYZER_NUMBER_OBJECT_CONVERSION = YES_AGGRESSIVE;
				CLANG_CXX_LANGUAGE_STANDARD = "gnu++14";
				CLANG_CXX_LIBRARY = "libc++";
				CLANG_ENABLE_MODULES = YES;
				CLANG_ENABLE_OBJC_ARC = YES;
				CLANG_ENABLE_OBJC_WEAK = YES;
				CLANG_WARN_BLOCK_CAPTURE_AUTORELEASING = YES;
				CLANG_WARN_BOOL_CONVERSION = YES;
				CLANG_WARN_COMMA = YES;
				CLANG_WARN_CONSTANT_CONVERSION = YES;
				CLANG_WARN_DEPRECATED_OBJC_IMPLEMENTATIONS = YES;
				CLANG_WARN_DIRECT_OBJC_ISA_USAGE = YES_ERROR;
				CLANG_WARN_DOCUMENTATION_COMMENTS = YES;
				CLANG_WARN_EMPTY_BODY = YES;
				CLANG_WARN_ENUM_CONVERSION = YES;
				CLANG_WARN_INFINITE_RECURSION = YES;
				CLANG_WARN_INT_CONVERSION = YES;
				CLANG_WARN_NON_LITERAL_NULL_CONVERSION = YES;
				CLANG_WARN_OBJC_IMPLICIT_RETAIN_SELF = YES;
				CLANG_WARN_OBJC_LITERAL_CONVERSION = YES;
				CLANG_WARN_OBJC_ROOT_CLASS = YES_ERROR;
				CLANG_WARN_RANGE_LOOP_ANALYSIS = YES;
				CLANG_WARN_STRICT_PROTOTYPES = YES;
				CLANG_WARN_SUSPICIOUS_MOVE = YES;
				CLANG_WARN_UNGUARDED_AVAILABILITY = YES_AGGRESSIVE;
				CLANG_WARN_UNREACHABLE_CODE = YES;
				CLANG_WARN__DUPLICATE_METHOD_MATCH = YES;
				CODE_SIGN_IDENTITY = "iPhone Developer";
				COPY_PHASE_STRIP = NO;
				DEBUG_INFORMATION_FORMAT = "dwarf-with-dsym";
				ENABLE_NS_ASSERTIONS = NO;
				ENABLE_STRICT_OBJC_MSGSEND = YES;
				GCC_C_LANGUAGE_STANDARD = gnu11;
				GCC_NO_COMMON_BLOCKS = YES;
				GCC_WARN_64_TO_32_BIT_CONVERSION = YES;
				GCC_WARN_ABOUT_RETURN_TYPE = YES_ERROR;
				GCC_WARN_UNDECLARED_SELECTOR = YES;
				GCC_WARN_UNINITIALIZED_AUTOS = YES_AGGRESSIVE;
				GCC_WARN_UNUSED_FUNCTION = YES;
				GCC_WARN_UNUSED_VARIABLE = YES;
				IPHONEOS_DEPLOYMENT_TARGET = 12.2;
				MTL_ENABLE_DEBUG_INFO = NO;
				MTL_FAST_MATH = YES;
				SDKROOT = iphoneos;
				SWIFT_COMPILATION_MODE = wholemodule;
				SWIFT_OPTIMIZATION_LEVEL = "-O";
				VALIDATE_PRODUCT = YES;
			};
			name = Release;
		};
		0E164319225B5469004338CB /* Debug */ = {
			isa = XCBuildConfiguration;
			baseConfigurationReference = 8C4A50B52A36C23ECB33919A /* Pods-GoogleMapTut.debug.xcconfig */;
			buildSettings = {
				ASSETCATALOG_COMPILER_APPICON_NAME = AppIcon;
				CODE_SIGN_STYLE = Automatic;
				DEVELOPMENT_TEAM = 3P3J8AFD59;
				INFOPLIST_FILE = GoogleMapTut/Info.plist;
				LD_RUNPATH_SEARCH_PATHS = (
					"$(inherited)",
					"@executable_path/Frameworks",
				);
				PRODUCT_BUNDLE_IDENTIFIER = QaptiveTech.GoogleMapTut;
				PRODUCT_NAME = "$(TARGET_NAME)";
				SWIFT_VERSION = 5.0;
				TARGETED_DEVICE_FAMILY = "1,2";
			};
			name = Debug;
		};
		0E16431A225B5469004338CB /* Release */ = {
			isa = XCBuildConfiguration;
			baseConfigurationReference = 3F98326676A938DA2EA98C7A /* Pods-GoogleMapTut.release.xcconfig */;
			buildSettings = {
				ASSETCATALOG_COMPILER_APPICON_NAME = AppIcon;
				CODE_SIGN_STYLE = Automatic;
				DEVELOPMENT_TEAM = 3P3J8AFD59;
				INFOPLIST_FILE = GoogleMapTut/Info.plist;
				LD_RUNPATH_SEARCH_PATHS = (
					"$(inherited)",
					"@executable_path/Frameworks",
				);
				PRODUCT_BUNDLE_IDENTIFIER = QaptiveTech.GoogleMapTut;
				PRODUCT_NAME = "$(TARGET_NAME)";
				SWIFT_VERSION = 5.0;
				TARGETED_DEVICE_FAMILY = "1,2";
			};
			name = Release;
		};
/* End XCBuildConfiguration section */

/* Begin XCConfigurationList section */
		0E164301225B5467004338CB /* Build configuration list for PBXProject "GoogleMapTut" */ = {
			isa = XCConfigurationList;
			buildConfigurations = (
				0E164316225B5469004338CB /* Debug */,
				0E164317225B5469004338CB /* Release */,
			);
			defaultConfigurationIsVisible = 0;
			defaultConfigurationName = Release;
		};
		0E164318225B5469004338CB /* Build configuration list for PBXNativeTarget "GoogleMapTut" */ = {
			isa = XCConfigurationList;
			buildConfigurations = (
				0E164319225B5469004338CB /* Debug */,
				0E16431A225B5469004338CB /* Release */,
			);
			defaultConfigurationIsVisible = 0;
			defaultConfigurationName = Release;
		};
/* End XCConfigurationList section */
	};
	rootObject = 0E1642FE225B5467004338CB /* Project object */;
}
